
Microsoft Visual Studio Solution File, Format Version 12.00
# Visual Studio Version 17
VisualStudioVersion = 17.0.31903.59
MinimumVisualStudioVersion = 10.0.40219.1
Project("{2150E333-8FDC-42A3-9474-1A3956D46DE8}") = "src", "src", "{827E0CD3-B72D-47B6-A68D-7590B98EB39B}"
EndProject
Project("{2150E333-8FDC-42A3-9474-1A3956D46DE8}") = "FractalDataWorks.Net", "FractalDataWorks.Net", "{D40C4319-E3A4-BD97-86DA-9EF1518F1445}"
EndProject
Project("{FAE04EC0-301F-11D3-BF4B-00C04F79EFBC}") = "FractalDataWorks.net", "src\FractalDataWorks.Net\FractalDataWorks.net.csproj", "{AE1EDC88-232C-451F-9211-43DDBEA1538A}"
EndProject
Project("{2150E333-8FDC-42A3-9474-1A3956D46DE8}") = "tests", "tests", "{0AB3BF05-4346-4AA6-1389-037BE0695223}"
EndProject
Project("{2150E333-8FDC-42A3-9474-1A3956D46DE8}") = "FractalDataWorks.Net.Tests", "FractalDataWorks.Net.Tests", "{B27D6504-AFBD-9A32-F6AB-9F48C7848B59}"
EndProject
Project("{FAE04EC0-301F-11D3-BF4B-00C04F79EFBC}") = "FractalDataWorks.net.Tests", "tests\FractalDataWorks.Net.Tests\FractalDataWorks.net.Tests.csproj", "{47CA38C3-C088-4626-8635-0E1D62200106}"
EndProject
Global
	GlobalSection(SolutionConfigurationPlatforms) = preSolution
		Alpha|Any CPU = Alpha|Any CPU
		Alpha|x64 = Alpha|x64
		Alpha|x86 = Alpha|x86
		Beta|Any CPU = Beta|Any CPU
		Beta|x64 = Beta|x64
		Beta|x86 = Beta|x86
		Debug|Any CPU = Debug|Any CPU
		Debug|x64 = Debug|x64
		Debug|x86 = Debug|x86
		Experimental|Any CPU = Experimental|Any CPU
		Experimental|x64 = Experimental|x64
		Experimental|x86 = Experimental|x86
		Preview|Any CPU = Preview|Any CPU
		Preview|x64 = Preview|x64
		Preview|x86 = Preview|x86
		Release|Any CPU = Release|Any CPU
		Release|x64 = Release|x64
		Release|x86 = Release|x86
	EndGlobalSection
	GlobalSection(ProjectConfigurationPlatforms) = postSolution
		{AE1EDC88-232C-451F-9211-43DDBEA1538A}.Alpha|Any CPU.ActiveCfg = Alpha|Any CPU
		{AE1EDC88-232C-451F-9211-43DDBEA1538A}.Alpha|Any CPU.Build.0 = Alpha|Any CPU
		{AE1EDC88-232C-451F-9211-43DDBEA1538A}.Alpha|x64.ActiveCfg = Alpha|Any CPU
		{AE1EDC88-232C-451F-9211-43DDBEA1538A}.Alpha|x64.Build.0 = Alpha|Any CPU
		{AE1EDC88-232C-451F-9211-43DDBEA1538A}.Alpha|x86.ActiveCfg = Alpha|Any CPU
		{AE1EDC88-232C-451F-9211-43DDBEA1538A}.Alpha|x86.Build.0 = Alpha|Any CPU
		{AE1EDC88-232C-451F-9211-43DDBEA1538A}.Beta|Any CPU.ActiveCfg = Beta|Any CPU
		{AE1EDC88-232C-451F-9211-43DDBEA1538A}.Beta|Any CPU.Build.0 = Beta|Any CPU
		{AE1EDC88-232C-451F-9211-43DDBEA1538A}.Beta|x64.ActiveCfg = Beta|Any CPU
		{AE1EDC88-232C-451F-9211-43DDBEA1538A}.Beta|x64.Build.0 = Beta|Any CPU
		{AE1EDC88-232C-451F-9211-43DDBEA1538A}.Beta|x86.ActiveCfg = Beta|Any CPU
		{AE1EDC88-232C-451F-9211-43DDBEA1538A}.Beta|x86.Build.0 = Beta|Any CPU
		{AE1EDC88-232C-451F-9211-43DDBEA1538A}.Debug|Any CPU.ActiveCfg = Debug|Any CPU
		{AE1EDC88-232C-451F-9211-43DDBEA1538A}.Debug|Any CPU.Build.0 = Debug|Any CPU
		{AE1EDC88-232C-451F-9211-43DDBEA1538A}.Debug|x64.ActiveCfg = Debug|Any CPU
		{AE1EDC88-232C-451F-9211-43DDBEA1538A}.Debug|x64.Build.0 = Debug|Any CPU
		{AE1EDC88-232C-451F-9211-43DDBEA1538A}.Debug|x86.ActiveCfg = Debug|Any CPU
		{AE1EDC88-232C-451F-9211-43DDBEA1538A}.Debug|x86.Build.0 = Debug|Any CPU
		{AE1EDC88-232C-451F-9211-43DDBEA1538A}.Experimental|Any CPU.ActiveCfg = Experimental|Any CPU
		{AE1EDC88-232C-451F-9211-43DDBEA1538A}.Experimental|Any CPU.Build.0 = Experimental|Any CPU
		{AE1EDC88-232C-451F-9211-43DDBEA1538A}.Experimental|x64.ActiveCfg = Experimental|Any CPU
		{AE1EDC88-232C-451F-9211-43DDBEA1538A}.Experimental|x64.Build.0 = Experimental|Any CPU
		{AE1EDC88-232C-451F-9211-43DDBEA1538A}.Experimental|x86.ActiveCfg = Experimental|Any CPU
		{AE1EDC88-232C-451F-9211-43DDBEA1538A}.Experimental|x86.Build.0 = Experimental|Any CPU
		{AE1EDC88-232C-451F-9211-43DDBEA1538A}.Preview|Any CPU.ActiveCfg = Preview|Any CPU
		{AE1EDC88-232C-451F-9211-43DDBEA1538A}.Preview|Any CPU.Build.0 = Preview|Any CPU
		{AE1EDC88-232C-451F-9211-43DDBEA1538A}.Preview|x64.ActiveCfg = Preview|Any CPU
		{AE1EDC88-232C-451F-9211-43DDBEA1538A}.Preview|x64.Build.0 = Preview|Any CPU
		{AE1EDC88-232C-451F-9211-43DDBEA1538A}.Preview|x86.ActiveCfg = Preview|Any CPU
		{AE1EDC88-232C-451F-9211-43DDBEA1538A}.Preview|x86.Build.0 = Preview|Any CPU
		{AE1EDC88-232C-451F-9211-43DDBEA1538A}.Release|Any CPU.ActiveCfg = Release|Any CPU
		{AE1EDC88-232C-451F-9211-43DDBEA1538A}.Release|Any CPU.Build.0 = Release|Any CPU
		{AE1EDC88-232C-451F-9211-43DDBEA1538A}.Release|x64.ActiveCfg = Release|Any CPU
		{AE1EDC88-232C-451F-9211-43DDBEA1538A}.Release|x64.Build.0 = Release|Any CPU
		{AE1EDC88-232C-451F-9211-43DDBEA1538A}.Release|x86.ActiveCfg = Release|Any CPU
		{AE1EDC88-232C-451F-9211-43DDBEA1538A}.Release|x86.Build.0 = Release|Any CPU
		{47CA38C3-C088-4626-8635-0E1D62200106}.Alpha|Any CPU.ActiveCfg = Alpha|Any CPU
		{47CA38C3-C088-4626-8635-0E1D62200106}.Alpha|Any CPU.Build.0 = Alpha|Any CPU
		{47CA38C3-C088-4626-8635-0E1D62200106}.Alpha|x64.ActiveCfg = Alpha|Any CPU
		{47CA38C3-C088-4626-8635-0E1D62200106}.Alpha|x64.Build.0 = Alpha|Any CPU
		{47CA38C3-C088-4626-8635-0E1D62200106}.Alpha|x86.ActiveCfg = Alpha|Any CPU
		{47CA38C3-C088-4626-8635-0E1D62200106}.Alpha|x86.Build.0 = Alpha|Any CPU
		{47CA38C3-C088-4626-8635-0E1D62200106}.Beta|Any CPU.ActiveCfg = Beta|Any CPU
		{47CA38C3-C088-4626-8635-0E1D62200106}.Beta|Any CPU.Build.0 = Beta|Any CPU
		{47CA38C3-C088-4626-8635-0E1D62200106}.Beta|x64.ActiveCfg = Beta|Any CPU
		{47CA38C3-C088-4626-8635-0E1D62200106}.Beta|x64.Build.0 = Beta|Any CPU
		{47CA38C3-C088-4626-8635-0E1D62200106}.Beta|x86.ActiveCfg = Beta|Any CPU
		{47CA38C3-C088-4626-8635-0E1D62200106}.Beta|x86.Build.0 = Beta|Any CPU
		{47CA38C3-C088-4626-8635-0E1D62200106}.Debug|Any CPU.ActiveCfg = Debug|Any CPU
		{47CA38C3-C088-4626-8635-0E1D62200106}.Debug|Any CPU.Build.0 = Debug|Any CPU
		{47CA38C3-C088-4626-8635-0E1D62200106}.Debug|x64.ActiveCfg = Debug|Any CPU
		{47CA38C3-C088-4626-8635-0E1D62200106}.Debug|x64.Build.0 = Debug|Any CPU
		{47CA38C3-C088-4626-8635-0E1D62200106}.Debug|x86.ActiveCfg = Debug|Any CPU
		{47CA38C3-C088-4626-8635-0E1D62200106}.Debug|x86.Build.0 = Debug|Any CPU
		{47CA38C3-C088-4626-8635-0E1D62200106}.Experimental|Any CPU.ActiveCfg = Experimental|Any CPU
		{47CA38C3-C088-4626-8635-0E1D62200106}.Experimental|Any CPU.Build.0 = Experimental|Any CPU
		{47CA38C3-C088-4626-8635-0E1D62200106}.Experimental|x64.ActiveCfg = Experimental|Any CPU
		{47CA38C3-C088-4626-8635-0E1D62200106}.Experimental|x64.Build.0 = Experimental|Any CPU
		{47CA38C3-C088-4626-8635-0E1D62200106}.Experimental|x86.ActiveCfg = Experimental|Any CPU
		{47CA38C3-C088-4626-8635-0E1D62200106}.Experimental|x86.Build.0 = Experimental|Any CPU
		{47CA38C3-C088-4626-8635-0E1D62200106}.Preview|Any CPU.ActiveCfg = Preview|Any CPU
		{47CA38C3-C088-4626-8635-0E1D62200106}.Preview|Any CPU.Build.0 = Preview|Any CPU
		{47CA38C3-C088-4626-8635-0E1D62200106}.Preview|x64.ActiveCfg = Preview|Any CPU
		{47CA38C3-C088-4626-8635-0E1D62200106}.Preview|x64.Build.0 = Preview|Any CPU
		{47CA38C3-C088-4626-8635-0E1D62200106}.Preview|x86.ActiveCfg = Preview|Any CPU
		{47CA38C3-C088-4626-8635-0E1D62200106}.Preview|x86.Build.0 = Preview|Any CPU
		{47CA38C3-C088-4626-8635-0E1D62200106}.Release|Any CPU.ActiveCfg = Release|Any CPU
		{47CA38C3-C088-4626-8635-0E1D62200106}.Release|Any CPU.Build.0 = Release|Any CPU
		{47CA38C3-C088-4626-8635-0E1D62200106}.Release|x64.ActiveCfg = Release|Any CPU
		{47CA38C3-C088-4626-8635-0E1D62200106}.Release|x64.Build.0 = Release|Any CPU
		{47CA38C3-C088-4626-8635-0E1D62200106}.Release|x86.ActiveCfg = Release|Any CPU
		{47CA38C3-C088-4626-8635-0E1D62200106}.Release|x86.Build.0 = Release|Any CPU
	EndGlobalSection
	GlobalSection(SolutionProperties) = preSolution
		HideSolutionNode = FALSE
	EndGlobalSection
	GlobalSection(NestedProjects) = preSolution
		{D40C4319-E3A4-BD97-86DA-9EF1518F1445} = {827E0CD3-B72D-47B6-A68D-7590B98EB39B}
		{AE1EDC88-232C-451F-9211-43DDBEA1538A} = {D40C4319-E3A4-BD97-86DA-9EF1518F1445}
		{B27D6504-AFBD-9A32-F6AB-9F48C7848B59} = {0AB3BF05-4346-4AA6-1389-037BE0695223}
		{47CA38C3-C088-4626-8635-0E1D62200106} = {B27D6504-AFBD-9A32-F6AB-9F48C7848B59}
	EndGlobalSection
EndGlobal
